// !$*UTF8*$!
{
	archiveVersion = 1;
	classes = {
	};
	objectVersion = 55;
	objects = {

/* Begin PBXBuildFile section */
		1F6D02BF2AB84BA900980ACB /* CoredatademoApp.swift in Sources */ = {isa = PBXBuildFile; fileRef = 1F6D02BE2AB84BA900980ACB /* CoredatademoApp.swift */; };
		1F6D02C12AB84BA900980ACB /* ContentView.swift in Sources */ = {isa = PBXBuildFile; fileRef = 1F6D02C02AB84BA900980ACB /* ContentView.swift */; };
		1F6D02C32AB84BAA00980ACB /* Assets.xcassets in Resources */ = {isa = PBXBuildFile; fileRef = 1F6D02C22AB84BAA00980ACB /* Assets.xcassets */; };
		1F6D02C62AB84BAA00980ACB /* Preview Assets.xcassets in Resources */ = {isa = PBXBuildFile; fileRef = 1F6D02C52AB84BAA00980ACB /* Preview Assets.xcassets */; };
		1F6D02D02AB84BAA00980ACB /* CoredatademoTests.swift in Sources */ = {isa = PBXBuildFile; fileRef = 1F6D02CF2AB84BAA00980ACB /* CoredatademoTests.swift */; };
		1F6D02DA2AB84BAA00980ACB /* CoredatademoUITests.swift in Sources */ = {isa = PBXBuildFile; fileRef = 1F6D02D92AB84BAA00980ACB /* CoredatademoUITests.swift */; };
		1F6D02DC2AB84BAA00980ACB /* CoredatademoUITestsLaunchTests.swift in Sources */ = {isa = PBXBuildFile; fileRef = 1F6D02DB2AB84BAA00980ACB /* CoredatademoUITestsLaunchTests.swift */; };
		1F6D02EA2AB84BE200980ACB /* Login.xcdatamodeld in Sources */ = {isa = PBXBuildFile; fileRef = 1F6D02E82AB84BE200980ACB /* Login.xcdatamodeld */; };
		1F6D02EC2AB84C1D00980ACB /* LoginController.swift in Sources */ = {isa = PBXBuildFile; fileRef = 1F6D02EB2AB84C1D00980ACB /* LoginController.swift */; };
		1F6D02EE2AB84E0D00980ACB /* AdminPage.swift in Sources */ = {isa = PBXBuildFile; fileRef = 1F6D02ED2AB84E0D00980ACB /* AdminPage.swift */; };
/* End PBXBuildFile section */

/* Begin PBXContainerItemProxy section */
		1F6D02CC2AB84BAA00980ACB /* PBXContainerItemProxy */ = {
			isa = PBXContainerItemProxy;
			containerPortal = 1F6D02B32AB84BA900980ACB /* Project object */;
			proxyType = 1;
			remoteGlobalIDString = 1F6D02BA2AB84BA900980ACB;
			remoteInfo = Coredatademo;
		};
		1F6D02D62AB84BAA00980ACB /* PBXContainerItemProxy */ = {
			isa = PBXContainerItemProxy;
			containerPortal = 1F6D02B32AB84BA900980ACB /* Project object */;
			proxyType = 1;
			remoteGlobalIDString = 1F6D02BA2AB84BA900980ACB;
			remoteInfo = Coredatademo;
		};
/* End PBXContainerItemProxy section */

/* Begin PBXFileReference section */
		1F6D02BB2AB84BA900980ACB /* Coredatademo.app */ = {isa = PBXFileReference; explicitFileType = wrapper.application; includeInIndex = 0; path = Coredatademo.app; sourceTree = BUILT_PRODUCTS_DIR; };
		1F6D02BE2AB84BA900980ACB /* CoredatademoApp.swift */ = {isa = PBXFileReference; lastKnownFileType = sourcecode.swift; path = CoredatademoApp.swift; sourceTree = "<group>"; };
		1F6D02C02AB84BA900980ACB /* ContentView.swift */ = {isa = PBXFileReference; lastKnownFileType = sourcecode.swift; path = ContentView.swift; sourceTree = "<group>"; };
		1F6D02C22AB84BAA00980ACB /* Assets.xcassets */ = {isa = PBXFileReference; lastKnownFileType = folder.assetcatalog; path = Assets.xcassets; sourceTree = "<group>"; };
		1F6D02C52AB84BAA00980ACB /* Preview Assets.xcassets */ = {isa = PBXFileReference; lastKnownFileType = folder.assetcatalog; path = "Preview Assets.xcassets"; sourceTree = "<group>"; };
		1F6D02CB2AB84BAA00980ACB /* CoredatademoTests.xctest */ = {isa = PBXFileReference; explicitFileType = wrapper.cfbundle; includeInIndex = 0; path = CoredatademoTests.xctest; sourceTree = BUILT_PRODUCTS_DIR; };
		1F6D02CF2AB84BAA00980ACB /* CoredatademoTests.swift */ = {isa = PBXFileReference; lastKnownFileType = sourcecode.swift; path = CoredatademoTests.swift; sourceTree = "<group>"; };
		1F6D02D52AB84BAA00980ACB /* CoredatademoUITests.xctest */ = {isa = PBXFileReference; explicitFileType = wrapper.cfbundle; includeInIndex = 0; path = CoredatademoUITests.xctest; sourceTree = BUILT_PRODUCTS_DIR; };
		1F6D02D92AB84BAA00980ACB /* CoredatademoUITests.swift */ = {isa = PBXFileReference; lastKnownFileType = sourcecode.swift; path = CoredatademoUITests.swift; sourceTree = "<group>"; };
		1F6D02DB2AB84BAA00980ACB /* CoredatademoUITestsLaunchTests.swift */ = {isa = PBXFileReference; lastKnownFileType = sourcecode.swift; path = CoredatademoUITestsLaunchTests.swift; sourceTree = "<group>"; };
		1F6D02E92AB84BE200980ACB /* Login.xcdatamodel */ = {isa = PBXFileReference; lastKnownFileType = wrapper.xcdatamodel; path = Login.xcdatamodel; sourceTree = "<group>"; };
		1F6D02EB2AB84C1D00980ACB /* LoginController.swift */ = {isa = PBXFileReference; lastKnownFileType = sourcecode.swift; path = LoginController.swift; sourceTree = "<group>"; };
		1F6D02ED2AB84E0D00980ACB /* AdminPage.swift */ = {isa = PBXFileReference; lastKnownFileType = sourcecode.swift; path = AdminPage.swift; sourceTree = "<group>"; };
/* End PBXFileReference section */

/* Begin PBXFrameworksBuildPhase section */
		1F6D02B82AB84BA900980ACB /* Frameworks */ = {
			isa = PBXFrameworksBuildPhase;
			buildActionMask = 2147483647;
			files = (
			);
			runOnlyForDeploymentPostprocessing = 0;
		};
		1F6D02C82AB84BAA00980ACB /* Frameworks */ = {
			isa = PBXFrameworksBuildPhase;
			buildActionMask = 2147483647;
			files = (
			);
			runOnlyForDeploymentPostprocessing = 0;
		};
		1F6D02D22AB84BAA00980ACB /* Frameworks */ = {
			isa = PBXFrameworksBuildPhase;
			buildActionMask = 2147483647;
			files = (
			);
			runOnlyForDeploymentPostprocessing = 0;
		};
/* End PBXFrameworksBuildPhase section */

/* Begin PBXGroup section */
		1F6D02B22AB84BA900980ACB = {
			isa = PBXGroup;
			children = (
				1F6D02BD2AB84BA900980ACB /* Coredatademo */,
				1F6D02CE2AB84BAA00980ACB /* CoredatademoTests */,
				1F6D02D82AB84BAA00980ACB /* CoredatademoUITests */,
				1F6D02BC2AB84BA900980ACB /* Products */,
			);
			sourceTree = "<group>";
		};
		1F6D02BC2AB84BA900980ACB /* Products */ = {
			isa = PBXGroup;
			children = (
				1F6D02BB2AB84BA900980ACB /* Coredatademo.app */,
				1F6D02CB2AB84BAA00980ACB /* CoredatademoTests.xctest */,
				1F6D02D52AB84BAA00980ACB /* CoredatademoUITests.xctest */,
			);
			name = Products;
			sourceTree = "<group>";
		};
		1F6D02BD2AB84BA900980ACB /* Coredatademo */ = {
			isa = PBXGroup;
			children = (
				1F6D02BE2AB84BA900980ACB /* CoredatademoApp.swift */,
				1F6D02C02AB84BA900980ACB /* ContentView.swift */,
				1F6D02C22AB84BAA00980ACB /* Assets.xcassets */,
				1F6D02C42AB84BAA00980ACB /* Preview Content */,
				1F6D02E82AB84BE200980ACB /* Login.xcdatamodeld */,
				1F6D02EB2AB84C1D00980ACB /* LoginController.swift */,
				1F6D02ED2AB84E0D00980ACB /* AdminPage.swift */,
			);
			path = Coredatademo;
			sourceTree = "<group>";
		};
		1F6D02C42AB84BAA00980ACB /* Preview Content */ = {
			isa = PBXGroup;
			children = (
				1F6D02C52AB84BAA00980ACB /* Preview Assets.xcassets */,
			);
			path = "Preview Content";
			sourceTree = "<group>";
		};
		1F6D02CE2AB84BAA00980ACB /* CoredatademoTests */ = {
			isa = PBXGroup;
			children = (
				1F6D02CF2AB84BAA00980ACB /* CoredatademoTests.swift */,
			);
			path = CoredatademoTests;
			sourceTree = "<group>";
		};
		1F6D02D82AB84BAA00980ACB /* CoredatademoUITests */ = {
			isa = PBXGroup;
			children = (
				1F6D02D92AB84BAA00980ACB /* CoredatademoUITests.swift */,
				1F6D02DB2AB84BAA00980ACB /* CoredatademoUITestsLaunchTests.swift */,
			);
			path = CoredatademoUITests;
			sourceTree = "<group>";
		};
/* End PBXGroup section */

/* Begin PBXNativeTarget section */
		1F6D02BA2AB84BA900980ACB /* Coredatademo */ = {
			isa = PBXNativeTarget;
			buildConfigurationList = 1F6D02DF2AB84BAA00980ACB /* Build configuration list for PBXNativeTarget "Coredatademo" */;
			buildPhases = (
				1F6D02B72AB84BA900980ACB /* Sources */,
				1F6D02B82AB84BA900980ACB /* Frameworks */,
				1F6D02B92AB84BA900980ACB /* Resources */,
			);
			buildRules = (
			);
			dependencies = (
			);
			name = Coredatademo;
			productName = Coredatademo;
			productReference = 1F6D02BB2AB84BA900980ACB /* Coredatademo.app */;
			productType = "com.apple.product-type.application";
		};
		1F6D02CA2AB84BAA00980ACB /* CoredatademoTests */ = {
			isa = PBXNativeTarget;
			buildConfigurationList = 1F6D02E22AB84BAA00980ACB /* Build configuration list for PBXNativeTarget "CoredatademoTests" */;
			buildPhases = (
				1F6D02C72AB84BAA00980ACB /* Sources */,
				1F6D02C82AB84BAA00980ACB /* Frameworks */,
				1F6D02C92AB84BAA00980ACB /* Resources */,
			);
			buildRules = (
			);
			dependencies = (
				1F6D02CD2AB84BAA00980ACB /* PBXTargetDependency */,
			);
			name = CoredatademoTests;
			productName = CoredatademoTests;
			productReference = 1F6D02CB2AB84BAA00980ACB /* CoredatademoTests.xctest */;
			productType = "com.apple.product-type.bundle.unit-test";
		};
		1F6D02D42AB84BAA00980ACB /* CoredatademoUITests */ = {
			isa = PBXNativeTarget;
			buildConfigurationList = 1F6D02E52AB84BAA00980ACB /* Build configuration list for PBXNativeTarget "CoredatademoUITests" */;
			buildPhases = (
				1F6D02D12AB84BAA00980ACB /* Sources */,
				1F6D02D22AB84BAA00980ACB /* Frameworks */,
				1F6D02D32AB84BAA00980ACB /* Resources */,
			);
			buildRules = (
			);
			dependencies = (
				1F6D02D72AB84BAA00980ACB /* PBXTargetDependency */,
			);
			name = CoredatademoUITests;
			productName = CoredatademoUITests;
			productReference = 1F6D02D52AB84BAA00980ACB /* CoredatademoUITests.xctest */;
			productType = "com.apple.product-type.bundle.ui-testing";
		};
/* End PBXNativeTarget section */

/* Begin PBXProject section */
		1F6D02B32AB84BA900980ACB /* Project object */ = {
			isa = PBXProject;
			attributes = {
				BuildIndependentTargetsInParallel = 1;
				LastSwiftUpdateCheck = 1340;
				LastUpgradeCheck = 1340;
				TargetAttributes = {
					1F6D02BA2AB84BA900980ACB = {
						CreatedOnToolsVersion = 13.4.1;
					};
					1F6D02CA2AB84BAA00980ACB = {
						CreatedOnToolsVersion = 13.4.1;
						TestTargetID = 1F6D02BA2AB84BA900980ACB;
					};
					1F6D02D42AB84BAA00980ACB = {
						CreatedOnToolsVersion = 13.4.1;
						TestTargetID = 1F6D02BA2AB84BA900980ACB;
					};
				};
			};
			buildConfigurationList = 1F6D02B62AB84BA900980ACB /* Build configuration list for PBXProject "Coredatademo" */;
			compatibilityVersion = "Xcode 13.0";
			developmentRegion = en;
			hasScannedForEncodings = 0;
			knownRegions = (
				en,
				Base,
			);
			mainGroup = 1F6D02B22AB84BA900980ACB;
			productRefGroup = 1F6D02BC2AB84BA900980ACB /* Products */;
			projectDirPath = "";
			projectRoot = "";
			targets = (
				1F6D02BA2AB84BA900980ACB /* Coredatademo */,
				1F6D02CA2AB84BAA00980ACB /* CoredatademoTests */,
				1F6D02D42AB84BAA00980ACB /* CoredatademoUITests */,
			);
		};
/* End PBXProject section */

/* Begin PBXResourcesBuildPhase section */
		1F6D02B92AB84BA900980ACB /* Resources */ = {
			isa = PBXResourcesBuildPhase;
			buildActionMask = 2147483647;
			files = (
				1F6D02C62AB84BAA00980ACB /* Preview Assets.xcassets in Resources */,
				1F6D02C32AB84BAA00980ACB /* Assets.xcassets in Resources */,
			);
			runOnlyForDeploymentPostprocessing = 0;
		};
		1F6D02C92AB84BAA00980ACB /* Resources */ = {
			isa = PBXResourcesBuildPhase;
			buildActionMask = 2147483647;
			files = (
			);
			runOnlyForDeploymentPostprocessing = 0;
		};
		1F6D02D32AB84BAA00980ACB /* Resources */ = {
			isa = PBXResourcesBuildPhase;
			buildActionMask = 2147483647;
			files = (
			);
			runOnlyForDeploymentPostprocessing = 0;
		};
/* End PBXResourcesBuildPhase section */

/* Begin PBXSourcesBuildPhase section */
		1F6D02B72AB84BA900980ACB /* Sources */ = {
			isa = PBXSourcesBuildPhase;
			buildActionMask = 2147483647;
			files = (
				1F6D02C12AB84BA900980ACB /* ContentView.swift in Sources */,
				1F6D02EC2AB84C1D00980ACB /* LoginController.swift in Sources */,
				1F6D02BF2AB84BA900980ACB /* CoredatademoApp.swift in Sources */,
				1F6D02EA2AB84BE200980ACB /* Login.xcdatamodeld in Sources */,
				1F6D02EE2AB84E0D00980ACB /* AdminPage.swift in Sources */,
			);
			runOnlyForDeploymentPostprocessing = 0;
		};
		1F6D02C72AB84BAA00980ACB /* Sources */ = {
			isa = PBXSourcesBuildPhase;
			buildActionMask = 2147483647;
			files = (
				1F6D02D02AB84BAA00980ACB /* CoredatademoTests.swift in Sources */,
			);
			runOnlyForDeploymentPostprocessing = 0;
		};
		1F6D02D12AB84BAA00980ACB /* Sources */ = {
			isa = PBXSourcesBuildPhase;
			buildActionMask = 2147483647;
			files = (
				1F6D02DC2AB84BAA00980ACB /* CoredatademoUITestsLaunchTests.swift in Sources */,
				1F6D02DA2AB84BAA00980ACB /* CoredatademoUITests.swift in Sources */,
			);
			runOnlyForDeploymentPostprocessing = 0;
		};
/* End PBXSourcesBuildPhase section */

/* Begin PBXTargetDependency section */
		1F6D02CD2AB84BAA00980ACB /* PBXTargetDependency */ = {
			isa = PBXTargetDependency;
			target = 1F6D02BA2AB84BA900980ACB /* Coredatademo */;
			targetProxy = 1F6D02CC2AB84BAA00980ACB /* PBXContainerItemProxy */;
		};
		1F6D02D72AB84BAA00980ACB /* PBXTargetDependency */ = {
			isa = PBXTargetDependency;
			target = 1F6D02BA2AB84BA900980ACB /* Coredatademo */;
			targetProxy = 1F6D02D62AB84BAA00980ACB /* PBXContainerItemProxy */;
		};
/* End PBXTargetDependency section */

/* Begin XCBuildConfiguration section */
		1F6D02DD2AB84BAA00980ACB /* Debug */ = {
			isa = XCBuildConfiguration;
			buildSettings = {
				ALWAYS_SEARCH_USER_PATHS = NO;
				CLANG_ANALYZER_NONNULL = YES;
				CLANG_ANALYZER_NUMBER_OBJECT_CONVERSION = YES_AGGRESSIVE;
				CLANG_CXX_LANGUAGE_STANDARD = "gnu++17";
				CLANG_ENABLE_MODULES = YES;
				CLANG_ENABLE_OBJC_ARC = YES;
				CLANG_ENABLE_OBJC_WEAK = YES;
				CLANG_WARN_BLOCK_CAPTURE_AUTORELEASING = YES;
				CLANG_WARN_BOOL_CONVERSION = YES;
				CLANG_WARN_COMMA = YES;
				CLANG_WARN_CONSTANT_CONVERSION = YES;
				CLANG_WARN_DEPRECATED_OBJC_IMPLEMENTATIONS = YES;
				CLANG_WARN_DIRECT_OBJC_ISA_USAGE = YES_ERROR;
				CLANG_WARN_DOCUMENTATION_COMMENTS = YES;
				CLANG_WARN_EMPTY_BODY = YES;
				CLANG_WARN_ENUM_CONVERSION = YES;
				CLANG_WARN_INFINITE_RECURSION = YES;
				CLANG_WARN_INT_CONVERSION = YES;
				CLANG_WARN_NON_LITERAL_NULL_CONVERSION = YES;
				CLANG_WARN_OBJC_IMPLICIT_RETAIN_SELF = YES;
				CLANG_WARN_OBJC_LITERAL_CONVERSION = YES;
				CLANG_WARN_OBJC_ROOT_CLASS = YES_ERROR;
				CLANG_WARN_QUOTED_INCLUDE_IN_FRAMEWORK_HEADER = YES;
				CLANG_WARN_RANGE_LOOP_ANALYSIS = YES;
				CLANG_WARN_STRICT_PROTOTYPES = YES;
				CLANG_WARN_SUSPICIOUS_MOVE = YES;
				CLANG_WARN_UNGUARDED_AVAILABILITY = YES_AGGRESSIVE;
				CLANG_WARN_UNREACHABLE_CODE = YES;
				CLANG_WARN__DUPLICATE_METHOD_MATCH = YES;
				COPY_PHASE_STRIP = NO;
				DEBUG_INFORMATION_FORMAT = dwarf;
				ENABLE_STRICT_OBJC_MSGSEND = YES;
				ENABLE_TESTABILITY = YES;
				GCC_C_LANGUAGE_STANDARD = gnu11;
				GCC_DYNAMIC_NO_PIC = NO;
				GCC_NO_COMMON_BLOCKS = YES;
				GCC_OPTIMIZATION_LEVEL = 0;
				GCC_PREPROCESSOR_DEFINITIONS = (
					"DEBUG=1",
					"$(inherited)",
				);
				GCC_WARN_64_TO_32_BIT_CONVERSION = YES;
				GCC_WARN_ABOUT_RETURN_TYPE = YES_ERROR;
				GCC_WARN_UNDECLARED_SELECTOR = YES;
				GCC_WARN_UNINITIALIZED_AUTOS = YES_AGGRESSIVE;
				GCC_WARN_UNUSED_FUNCTION = YES;
				GCC_WARN_UNUSED_VARIABLE = YES;
				IPHONEOS_DEPLOYMENT_TARGET = 15.5;
				MTL_ENABLE_DEBUG_INFO = INCLUDE_SOURCE;
				MTL_FAST_MATH = YES;
				ONLY_ACTIVE_ARCH = YES;
				SDKROOT = iphoneos;
				SWIFT_ACTIVE_COMPILATION_CONDITIONS = DEBUG;
				SWIFT_OPTIMIZATION_LEVEL = "-Onone";
			};
			name = Debug;
		};
		1F6D02DE2AB84BAA00980ACB /* Release */ = {
			isa = XCBuildConfiguration;
			buildSettings = {
				ALWAYS_SEARCH_USER_PATHS = NO;
				CLANG_ANALYZER_NONNULL = YES;
				CLANG_ANALYZER_NUMBER_OBJECT_CONVERSION = YES_AGGRESSIVE;
				CLANG_CXX_LANGUAGE_STANDARD = "gnu++17";
				CLANG_ENABLE_MODULES = YES;
				CLANG_ENABLE_OBJC_ARC = YES;
				CLANG_ENABLE_OBJC_WEAK = YES;
				CLANG_WARN_BLOCK_CAPTURE_AUTORELEASING = YES;
				CLANG_WARN_BOOL_CONVERSION = YES;
				CLANG_WARN_COMMA = YES;
				CLANG_WARN_CONSTANT_CONVERSION = YES;
				CLANG_WARN_DEPRECATED_OBJC_IMPLEMENTATIONS = YES;
				CLANG_WARN_DIRECT_OBJC_ISA_USAGE = YES_ERROR;
				CLANG_WARN_DOCUMENTATION_COMMENTS = YES;
				CLANG_WARN_EMPTY_BODY = YES;
				CLANG_WARN_ENUM_CONVERSION = YES;
				CLANG_WARN_INFINITE_RECURSION = YES;
				CLANG_WARN_INT_CONVERSION = YES;
				CLANG_WARN_NON_LITERAL_NULL_CONVERSION = YES;
				CLANG_WARN_OBJC_IMPLICIT_RETAIN_SELF = YES;
				CLANG_WARN_OBJC_LITERAL_CONVERSION = YES;
				CLANG_WARN_OBJC_ROOT_CLASS = YES_ERROR;
				CLANG_WARN_QUOTED_INCLUDE_IN_FRAMEWORK_HEADER = YES;
				CLANG_WARN_RANGE_LOOP_ANALYSIS = YES;
				CLANG_WARN_STRICT_PROTOTYPES = YES;
				CLANG_WARN_SUSPICIOUS_MOVE = YES;
				CLANG_WARN_UNGUARDED_AVAILABILITY = YES_AGGRESSIVE;
				CLANG_WARN_UNREACHABLE_CODE = YES;
				CLANG_WARN__DUPLICATE_METHOD_MATCH = YES;
				COPY_PHASE_STRIP = NO;
				DEBUG_INFORMATION_FORMAT = "dwarf-with-dsym";
				ENABLE_NS_ASSERTIONS = NO;
				ENABLE_STRICT_OBJC_MSGSEND = YES;
				GCC_C_LANGUAGE_STANDARD = gnu11;
				GCC_NO_COMMON_BLOCKS = YES;
				GCC_WARN_64_TO_32_BIT_CONVERSION = YES;
				GCC_WARN_ABOUT_RETURN_TYPE = YES_ERROR;
				GCC_WARN_UNDECLARED_SELECTOR = YES;
				GCC_WARN_UNINITIALIZED_AUTOS = YES_AGGRESSIVE;
				GCC_WARN_UNUSED_FUNCTION = YES;
				GCC_WARN_UNUSED_VARIABLE = YES;
				IPHONEOS_DEPLOYMENT_TARGET = 15.5;
				MTL_ENABLE_DEBUG_INFO = NO;
				MTL_FAST_MATH = YES;
				SDKROOT = iphoneos;
				SWIFT_COMPILATION_MODE = wholemodule;
				SWIFT_OPTIMIZATION_LEVEL = "-O";
				VALIDATE_PRODUCT = YES;
			};
			name = Release;
		};
		1F6D02E02AB84BAA00980ACB /* Debug */ = {
			isa = XCBuildConfiguration;
			buildSettings = {
				ASSETCATALOG_COMPILER_APPICON_NAME = AppIcon;
				ASSETCATALOG_COMPILER_GLOBAL_ACCENT_COLOR_NAME = AccentColor;
				CODE_SIGN_STYLE = Automatic;
				CURRENT_PROJECT_VERSION = 1;
				DEVELOPMENT_ASSET_PATHS = "\"Coredatademo/Preview Content\"";
				ENABLE_PREVIEWS = YES;
				GENERATE_INFOPLIST_FILE = YES;
				INFOPLIST_KEY_UIApplicationSceneManifest_Generation = YES;
				INFOPLIST_KEY_UIApplicationSupportsIndirectInputEvents = YES;
				INFOPLIST_KEY_UILaunchScreen_Generation = YES;
				INFOPLIST_KEY_UISupportedInterfaceOrientations_iPad = "UIInterfaceOrientationPortrait UIInterfaceOrientationPortraitUpsideDown UIInterfaceOrientationLandscapeLeft UIInterfaceOrientationLandscapeRight";
				INFOPLIST_KEY_UISupportedInterfaceOrientations_iPhone = "UIInterfaceOrientationPortrait UIInterfaceOrientationLandscapeLeft UIInterfaceOrientationLandscapeRight";
				IPHONEOS_DEPLOYMENT_TARGET = 14.0;
				LD_RUNPATH_SEARCH_PATHS = (
					"$(inherited)",
					"@executable_path/Frameworks",
				);
				MARKETING_VERSION = 1.0;
				PRODUCT_BUNDLE_IDENTIFIER = test.app.dev.Coredatademo;
				PRODUCT_NAME = "$(TARGET_NAME)";
				SWIFT_EMIT_LOC_STRINGS = YES;
				SWIFT_VERSION = 5.0;
				TARGETED_DEVICE_FAMILY = "1,2";
			};
			name = Debug;
		};
		1F6D02E12AB84BAA00980ACB /* Release */ = {
			isa = XCBuildConfiguration;
			buildSettings = {
				ASSETCATALOG_COMPILER_APPICON_NAME = AppIcon;
				ASSETCATALOG_COMPILER_GLOBAL_ACCENT_COLOR_NAME = AccentColor;
				CODE_SIGN_STYLE = Automatic;
				CURRENT_PROJECT_VERSION = 1;
				DEVELOPMENT_ASSET_PATHS = "\"Coredatademo/Preview Content\"";
				ENABLE_PREVIEWS = YES;
				GENERATE_INFOPLIST_FILE = YES;
				INFOPLIST_KEY_UIApplicationSceneManifest_Generation = YES;
				INFOPLIST_KEY_UIApplicationSupportsIndirectInputEvents = YES;
				INFOPLIST_KEY_UILaunchScreen_Generation = YES;
				INFOPLIST_KEY_UISupportedInterfaceOrientations_iPad = "UIInterfaceOrientationPortrait UIInterfaceOrientationPortraitUpsideDown UIInterfaceOrientationLandscapeLeft UIInterfaceOrientationLandscapeRight";
				INFOPLIST_KEY_UISupportedInterfaceOrientations_iPhone = "UIInterfaceOrientationPortrait UIInterfaceOrientationLandscapeLeft UIInterfaceOrientationLandscapeRight";
				IPHONEOS_DEPLOYMENT_TARGET = 14.0;
				LD_RUNPATH_SEARCH_PATHS = (
					"$(inherited)",
					"@executable_path/Frameworks",
				);
				MARKETING_VERSION = 1.0;
				PRODUCT_BUNDLE_IDENTIFIER = test.app.dev.Coredatademo;
				PRODUCT_NAME = "$(TARGET_NAME)";
				SWIFT_EMIT_LOC_STRINGS = YES;
				SWIFT_VERSION = 5.0;
				TARGETED_DEVICE_FAMILY = "1,2";
			};
			name = Release;
		};
		1F6D02E32AB84BAA00980ACB /* Debug */ = {
			isa = XCBuildConfiguration;
			buildSettings = {
				ALWAYS_EMBED_SWIFT_STANDARD_LIBRARIES = YES;
				BUNDLE_LOADER = "$(TEST_HOST)";
				CODE_SIGN_STYLE = Automatic;
				CURRENT_PROJECT_VERSION = 1;
				GENERATE_INFOPLIST_FILE = YES;
				IPHONEOS_DEPLOYMENT_TARGET = 15.5;
				MARKETING_VERSION = 1.0;
				PRODUCT_BUNDLE_IDENTIFIER = test.app.dev.CoredatademoTests;
				PRODUCT_NAME = "$(TARGET_NAME)";
				SWIFT_EMIT_LOC_STRINGS = NO;
				SWIFT_VERSION = 5.0;
				TARGETED_DEVICE_FAMILY = "1,2";
				TEST_HOST = "$(BUILT_PRODUCTS_DIR)/Coredatademo.app/Coredatademo";
			};
			name = Debug;
		};
		1F6D02E42AB84BAA00980ACB /* Release */ = {
			isa = XCBuildConfiguration;
			buildSettings = {
				ALWAYS_EMBED_SWIFT_STANDARD_LIBRARIES = YES;
				BUNDLE_LOADER = "$(TEST_HOST)";
				CODE_SIGN_STYLE = Automatic;
				CURRENT_PROJECT_VERSION = 1;
				GENERATE_INFOPLIST_FILE = YES;
				IPHONEOS_DEPLOYMENT_TARGET = 15.5;
				MARKETING_VERSION = 1.0;
				PRODUCT_BUNDLE_IDENTIFIER = test.app.dev.CoredatademoTests;
				PRODUCT_NAME = "$(TARGET_NAME)";
				SWIFT_EMIT_LOC_STRINGS = NO;
				SWIFT_VERSION = 5.0;
				TARGETED_DEVICE_FAMILY = "1,2";
				TEST_HOST = "$(BUILT_PRODUCTS_DIR)/Coredatademo.app/Coredatademo";
			};
			name = Release;
		};
		1F6D02E62AB84BAA00980ACB /* Debug */ = {
			isa = XCBuildConfiguration;
			buildSettings = {
				ALWAYS_EMBED_SWIFT_STANDARD_LIBRARIES = YES;
				CODE_SIGN_STYLE = Automatic;
				CURRENT_PROJECT_VERSION = 1;
				GENERATE_INFOPLIST_FILE = YES;
				MARKETING_VERSION = 1.0;
				PRODUCT_BUNDLE_IDENTIFIER = test.app.dev.CoredatademoUITests;
				PRODUCT_NAME = "$(TARGET_NAME)";
				SWIFT_EMIT_LOC_STRINGS = NO;
				SWIFT_VERSION = 5.0;
				TARGETED_DEVICE_FAMILY = "1,2";
				TEST_TARGET_NAME = Coredatademo;
			};
			name = Debug;
		};
		1F6D02E72AB84BAA00980ACB /* Release */ = {
			isa = XCBuildConfiguration;
			buildSettings = {
				ALWAYS_EMBED_SWIFT_STANDARD_LIBRARIES = YES;
				CODE_SIGN_STYLE = Automatic;
				CURRENT_PROJECT_VERSION = 1;
				GENERATE_INFOPLIST_FILE = YES;
				MARKETING_VERSION = 1.0;
				PRODUCT_BUNDLE_IDENTIFIER = test.app.dev.CoredatademoUITests;
				PRODUCT_NAME = "$(TARGET_NAME)";
				SWIFT_EMIT_LOC_STRINGS = NO;
				SWIFT_VERSION = 5.0;
				TARGETED_DEVICE_FAMILY = "1,2";
				TEST_TARGET_NAME = Coredatademo;
			};
			name = Release;
		};
/* End XCBuildConfiguration section */

/* Begin XCConfigurationList section */
		1F6D02B62AB84BA900980ACB /* Build configuration list for PBXProject "Coredatademo" */ = {
			isa = XCConfigurationList;
			buildConfigurations = (
				1F6D02DD2AB84BAA00980ACB /* Debug */,
				1F6D02DE2AB84BAA00980ACB /* Release */,
			);
			defaultConfigurationIsVisible = 0;
			defaultConfigurationName = Release;
		};
		1F6D02DF2AB84BAA00980ACB /* Build configuration list for PBXNativeTarget "Coredatademo" */ = {
			isa = XCConfigurationList;
			buildConfigurations = (
				1F6D02E02AB84BAA00980ACB /* Debug */,
				1F6D02E12AB84BAA00980ACB /* Release */,
			);
			defaultConfigurationIsVisible = 0;
			defaultConfigurationName = Release;
		};
		1F6D02E22AB84BAA00980ACB /* Build configuration list for PBXNativeTarget "CoredatademoTests" */ = {
			isa = XCConfigurationList;
			buildConfigurations = (
				1F6D02E32AB84BAA00980ACB /* Debug */,
				1F6D02E42AB84BAA00980ACB /* Release */,
			);
			defaultConfigurationIsVisible = 0;
			defaultConfigurationName = Release;
		};
		1F6D02E52AB84BAA00980ACB /* Build configuration list for PBXNativeTarget "CoredatademoUITests" */ = {
			isa = XCConfigurationList;
			buildConfigurations = (
				1F6D02E62AB84BAA00980ACB /* Debug */,
				1F6D02E72AB84BAA00980ACB /* Release */,
			);
			defaultConfigurationIsVisible = 0;
			defaultConfigurationName = Release;
		};
/* End XCConfigurationList section */

/* Begin XCVersionGroup section */
		1F6D02E82AB84BE200980ACB /* Login.xcdatamodeld */ = {
			isa = XCVersionGroup;
			children = (
				1F6D02E92AB84BE200980ACB /* Login.xcdatamodel */,
			);
			currentVersion = 1F6D02E92AB84BE200980ACB /* Login.xcdatamodel */;
			path = Login.xcdatamodeld;
			sourceTree = "<group>";
			versionGroupType = wrapper.xcdatamodel;
		};
/* End XCVersionGroup section */
	};
	rootObject = 1F6D02B32AB84BA900980ACB /* Project object */;
}
